Microsoft Visual Studio Solution File, Format Version 11.00
# Visual Studio 2008

Project("{1D61CE9D-06F5-C6F3-DEE8-F90A0B3DA8D4}") = "Asteroid Prospector", "Assembly-CSharp-firstpass.csproj", "{CDD39AC2-64B9-1DD0-7875-8D51FED484E7}"
EndProject
Project("{1D61CE9D-06F5-C6F3-DEE8-F90A0B3DA8D4}") = "Asteroid Prospector", "Assembly-CSharp.csproj", "{65A65D17-AA8E-83C9-B61A-04CDA30CDAE2}"
EndProject
Project("{1D61CE9D-06F5-C6F3-DEE8-F90A0B3DA8D4}") = "Asteroid Prospector", "Assembly-CSharp-Editor.csproj", "{F1CD1F6B-5880-A13A-87E2-3992F921D91E}"
EndProject
Project("{1D61CE9D-06F5-C6F3-DEE8-F90A0B3DA8D4}") = "Asteroid Prospector", "Assembly-UnityScript-firstpass.unityproj", "{3785B933-75D5-FB18-5593-E8341E460D4C}"
EndProject
Project("{1D61CE9D-06F5-C6F3-DEE8-F90A0B3DA8D4}") = "Asteroid Prospector", "Assembly-UnityScript-Editor.unityproj", "{8A5DC6A9-5A61-E97D-7E79-21258299AC7E}"
EndProject
Global
	GlobalSection(SolutionConfigurationPlatforms) = preSolution
		Debug|Any CPU = Debug|Any CPU
		Release|Any CPU = Release|Any CPU
	EndGlobalSection
	GlobalSection(ProjectConfigurationPlatforms) = postSolution
		{CDD39AC2-64B9-1DD0-7875-8D51FED484E7}.Debug|Any CPU.ActiveCfg = Debug|Any CPU
		{CDD39AC2-64B9-1DD0-7875-8D51FED484E7}.Debug|Any CPU.Build.0 = Debug|Any CPU
		{CDD39AC2-64B9-1DD0-7875-8D51FED484E7}.Release|Any CPU.ActiveCfg = Release|Any CPU
		{CDD39AC2-64B9-1DD0-7875-8D51FED484E7}.Release|Any CPU.Build.0 = Release|Any CPU
		{65A65D17-AA8E-83C9-B61A-04CDA30CDAE2}.Debug|Any CPU.ActiveCfg = Debug|Any CPU
		{65A65D17-AA8E-83C9-B61A-04CDA30CDAE2}.Debug|Any CPU.Build.0 = Debug|Any CPU
		{65A65D17-AA8E-83C9-B61A-04CDA30CDAE2}.Release|Any CPU.ActiveCfg = Release|Any CPU
		{65A65D17-AA8E-83C9-B61A-04CDA30CDAE2}.Release|Any CPU.Build.0 = Release|Any CPU
		{F1CD1F6B-5880-A13A-87E2-3992F921D91E}.Debug|Any CPU.ActiveCfg = Debug|Any CPU
		{F1CD1F6B-5880-A13A-87E2-3992F921D91E}.Debug|Any CPU.Build.0 = Debug|Any CPU
		{F1CD1F6B-5880-A13A-87E2-3992F921D91E}.Release|Any CPU.ActiveCfg = Release|Any CPU
		{F1CD1F6B-5880-A13A-87E2-3992F921D91E}.Release|Any CPU.Build.0 = Release|Any CPU
		{3785B933-75D5-FB18-5593-E8341E460D4C}.Debug|Any CPU.ActiveCfg = Debug|Any CPU
		{3785B933-75D5-FB18-5593-E8341E460D4C}.Debug|Any CPU.Build.0 = Debug|Any CPU
		{3785B933-75D5-FB18-5593-E8341E460D4C}.Release|Any CPU.ActiveCfg = Release|Any CPU
		{3785B933-75D5-FB18-5593-E8341E460D4C}.Release|Any CPU.Build.0 = Release|Any CPU
		{8A5DC6A9-5A61-E97D-7E79-21258299AC7E}.Debug|Any CPU.ActiveCfg = Debug|Any CPU
		{8A5DC6A9-5A61-E97D-7E79-21258299AC7E}.Debug|Any CPU.Build.0 = Debug|Any CPU
		{8A5DC6A9-5A61-E97D-7E79-21258299AC7E}.Release|Any CPU.ActiveCfg = Release|Any CPU
		{8A5DC6A9-5A61-E97D-7E79-21258299AC7E}.Release|Any CPU.Build.0 = Release|Any CPU
	EndGlobalSection
	GlobalSection(SolutionProperties) = preSolution
		HideSolutionNode = FALSE
	EndGlobalSection
											GlobalSection(MonoDevelopProperties) = preSolution
		StartupItem = Assembly-CSharp-firstpass.csproj
		Policies = $0
		$0.TextStylePolicy = $1
		$1.inheritsSet = null
		$1.scope = text/x-csharp
		$0.CSharpFormattingPolicy = $2
		$2.inheritsSet = Mono
		$2.inheritsScope = text/x-csharp
		$2.scope = text/x-csharp
		$0.TextStylePolicy = $3
		$3.FileWidth = 120
		$3.TabWidth = 4
		$3.EolMarker = Unix
		$3.inheritsSet = Mono
		$3.inheritsScope = text/plain
		$3.scope = text/plain
	EndGlobalSection

EndGlobal
